// !$*UTF8*$!
{
	archiveVersion = 1;
	classes = {
	};
	objectVersion = 55;
	objects = {

/* Begin PBXBuildFile section */
		34258C0F28AF81F800C1E131 /* SyllabicKeyboardApp.swift in Sources */ = {isa = PBXBuildFile; fileRef = 34258C0E28AF81F800C1E131 /* SyllabicKeyboardApp.swift */; };
		34258C1128AF81F800C1E131 /* ContentView.swift in Sources */ = {isa = PBXBuildFile; fileRef = 34258C1028AF81F800C1E131 /* ContentView.swift */; };
		34258C1328AF81F800C1E131 /* Assets.xcassets in Resources */ = {isa = PBXBuildFile; fileRef = 34258C1228AF81F800C1E131 /* Assets.xcassets */; };
		34258C1628AF81F800C1E131 /* Preview Assets.xcassets in Resources */ = {isa = PBXBuildFile; fileRef = 34258C1528AF81F800C1E131 /* Preview Assets.xcassets */; };
		34258C2328AF828800C1E131 /* KeyboardViewController.swift in Sources */ = {isa = PBXBuildFile; fileRef = 34258C2228AF828800C1E131 /* KeyboardViewController.swift */; };
		34258C2728AF828800C1E131 /* Inuit.appex in Embed App Extensions */ = {isa = PBXBuildFile; fileRef = 34258C2028AF828800C1E131 /* Inuit.appex */; settings = {ATTRIBUTES = (RemoveHeadersOnCopy, ); }; };
		34258C2E28AF851C00C1E131 /* KeyboardButton.swift in Sources */ = {isa = PBXBuildFile; fileRef = 34258C2C28AF839900C1E131 /* KeyboardButton.swift */; };
		34258C3028AF957F00C1E131 /* KeyboardType.swift in Sources */ = {isa = PBXBuildFile; fileRef = 34258C2F28AF957F00C1E131 /* KeyboardType.swift */; };
		34258C3128AFAD5A00C1E131 /* Assets.xcassets in Resources */ = {isa = PBXBuildFile; fileRef = 34258C1228AF81F800C1E131 /* Assets.xcassets */; };
		34E2E26228B4B41900CB48FC /* SpecialButtonType.swift in Sources */ = {isa = PBXBuildFile; fileRef = 34E2E26128B4B41900CB48FC /* SpecialButtonType.swift */; };
		34E2E26428B4B56700CB48FC /* Constants.swift in Sources */ = {isa = PBXBuildFile; fileRef = 34E2E26328B4B56700CB48FC /* Constants.swift */; };
		34E2E26828B524B200CB48FC /* Helpers.swift in Sources */ = {isa = PBXBuildFile; fileRef = 34E2E26728B524B200CB48FC /* Helpers.swift */; };
		34E2E26A28B67EB300CB48FC /* UIColor + ext.swift in Sources */ = {isa = PBXBuildFile; fileRef = 34E2E26928B67EB200CB48FC /* UIColor + ext.swift */; };
		34E2E26C28B78B4000CB48FC /* UIScreen + ext.swift in Sources */ = {isa = PBXBuildFile; fileRef = 34E2E26B28B78B4000CB48FC /* UIScreen + ext.swift */; };
		34E2E26E28B78B5500CB48FC /* UIInputView + ext.swift in Sources */ = {isa = PBXBuildFile; fileRef = 34E2E26D28B78B5500CB48FC /* UIInputView + ext.swift */; };
		34E2E27028B78B6B00CB48FC /* LayoutConstants.swift in Sources */ = {isa = PBXBuildFile; fileRef = 34E2E26F28B78B6B00CB48FC /* LayoutConstants.swift */; };
		34E2E27228B78BA600CB48FC /* UIButton + ext.swift in Sources */ = {isa = PBXBuildFile; fileRef = 34E2E27128B78BA600CB48FC /* UIButton + ext.swift */; };
		34E2E27428B78BC900CB48FC /* UITraitCollection + ext.swift in Sources */ = {isa = PBXBuildFile; fileRef = 34E2E27328B78BC900CB48FC /* UITraitCollection + ext.swift */; };
		34E2E27728B7CC5700CB48FC /* Helpers.swift in Sources */ = {isa = PBXBuildFile; fileRef = 34E2E26728B524B200CB48FC /* Helpers.swift */; };
		34E2E27828B7CE5700CB48FC /* UIColor + ext.swift in Sources */ = {isa = PBXBuildFile; fileRef = 34E2E26928B67EB200CB48FC /* UIColor + ext.swift */; };
		34E2E27A28B7E3E900CB48FC /* Localization.swift in Sources */ = {isa = PBXBuildFile; fileRef = 34E2E27928B7E3E900CB48FC /* Localization.swift */; };
		34E2E27C28B7E40600CB48FC /* ContentViewModel.swift in Sources */ = {isa = PBXBuildFile; fileRef = 34E2E27B28B7E40600CB48FC /* ContentViewModel.swift */; };
		34E2E27E28B7E41900CB48FC /* SyllabicCharactersView.swift in Sources */ = {isa = PBXBuildFile; fileRef = 34E2E27D28B7E41900CB48FC /* SyllabicCharactersView.swift */; };
		34E2E2B028B9EC4300CB48FC /* TappedKeyView.swift in Sources */ = {isa = PBXBuildFile; fileRef = 34E2E2AF28B9EC4300CB48FC /* TappedKeyView.swift */; };
		34E2E2F928BB102E00CB48FC /* Ilisarniq-Demi.ttf in Resources */ = {isa = PBXBuildFile; fileRef = 34E2E2F828BB102E00CB48FC /* Ilisarniq-Demi.ttf */; };
		34E2E2FA28BB102E00CB48FC /* Ilisarniq-Demi.ttf in Resources */ = {isa = PBXBuildFile; fileRef = 34E2E2F828BB102E00CB48FC /* Ilisarniq-Demi.ttf */; };
		34E2E2FF28BB53D900CB48FC /* UILabel + ext.swift in Sources */ = {isa = PBXBuildFile; fileRef = 34E2E2FE28BB53D900CB48FC /* UILabel + ext.swift */; };
		34E2E30028BB53D900CB48FC /* UILabel + ext.swift in Sources */ = {isa = PBXBuildFile; fileRef = 34E2E2FE28BB53D900CB48FC /* UILabel + ext.swift */; };
/* End PBXBuildFile section */

/* Begin PBXContainerItemProxy section */
		34258C2528AF828800C1E131 /* PBXContainerItemProxy */ = {
			isa = PBXContainerItemProxy;
			containerPortal = 34258C0328AF81F800C1E131 /* Project object */;
			proxyType = 1;
			remoteGlobalIDString = 34258C1F28AF828800C1E131;
			remoteInfo = Inuit;
		};
/* End PBXContainerItemProxy section */

/* Begin PBXCopyFilesBuildPhase section */
		34258C2B28AF828800C1E131 /* Embed App Extensions */ = {
			isa = PBXCopyFilesBuildPhase;
			buildActionMask = 2147483647;
			dstPath = "";
			dstSubfolderSpec = 13;
			files = (
				34258C2728AF828800C1E131 /* Inuit.appex in Embed App Extensions */,
			);
			name = "Embed App Extensions";
			runOnlyForDeploymentPostprocessing = 0;
		};
/* End PBXCopyFilesBuildPhase section */

/* Begin PBXFileReference section */
		34258C0B28AF81F800C1E131 /* SyllabicKeyboard.app */ = {isa = PBXFileReference; explicitFileType = wrapper.application; includeInIndex = 0; path = SyllabicKeyboard.app; sourceTree = BUILT_PRODUCTS_DIR; };
		34258C0E28AF81F800C1E131 /* SyllabicKeyboardApp.swift */ = {isa = PBXFileReference; lastKnownFileType = sourcecode.swift; path = SyllabicKeyboardApp.swift; sourceTree = "<group>"; };
		34258C1028AF81F800C1E131 /* ContentView.swift */ = {isa = PBXFileReference; lastKnownFileType = sourcecode.swift; path = ContentView.swift; sourceTree = "<group>"; };
		34258C1228AF81F800C1E131 /* Assets.xcassets */ = {isa = PBXFileReference; lastKnownFileType = folder.assetcatalog; path = Assets.xcassets; sourceTree = "<group>"; };
		34258C1528AF81F800C1E131 /* Preview Assets.xcassets */ = {isa = PBXFileReference; lastKnownFileType = folder.assetcatalog; path = "Preview Assets.xcassets"; sourceTree = "<group>"; };
		34258C2028AF828800C1E131 /* Inuit.appex */ = {isa = PBXFileReference; explicitFileType = "wrapper.app-extension"; includeInIndex = 0; path = Inuit.appex; sourceTree = BUILT_PRODUCTS_DIR; };
		34258C2228AF828800C1E131 /* KeyboardViewController.swift */ = {isa = PBXFileReference; lastKnownFileType = sourcecode.swift; path = KeyboardViewController.swift; sourceTree = "<group>"; };
		34258C2428AF828800C1E131 /* Info.plist */ = {isa = PBXFileReference; lastKnownFileType = text.plist.xml; path = Info.plist; sourceTree = "<group>"; };
		34258C2C28AF839900C1E131 /* KeyboardButton.swift */ = {isa = PBXFileReference; lastKnownFileType = sourcecode.swift; path = KeyboardButton.swift; sourceTree = "<group>"; };
		34258C2F28AF957F00C1E131 /* KeyboardType.swift */ = {isa = PBXFileReference; lastKnownFileType = sourcecode.swift; path = KeyboardType.swift; sourceTree = "<group>"; };
		34E2E26128B4B41900CB48FC /* SpecialButtonType.swift */ = {isa = PBXFileReference; lastKnownFileType = sourcecode.swift; path = SpecialButtonType.swift; sourceTree = "<group>"; };
		34E2E26328B4B56700CB48FC /* Constants.swift */ = {isa = PBXFileReference; lastKnownFileType = sourcecode.swift; path = Constants.swift; sourceTree = "<group>"; };
		34E2E26728B524B200CB48FC /* Helpers.swift */ = {isa = PBXFileReference; lastKnownFileType = sourcecode.swift; path = Helpers.swift; sourceTree = "<group>"; };
		34E2E26928B67EB200CB48FC /* UIColor + ext.swift */ = {isa = PBXFileReference; lastKnownFileType = sourcecode.swift; path = "UIColor + ext.swift"; sourceTree = "<group>"; };
		34E2E26B28B78B4000CB48FC /* UIScreen + ext.swift */ = {isa = PBXFileReference; lastKnownFileType = sourcecode.swift; path = "UIScreen + ext.swift"; sourceTree = "<group>"; };
		34E2E26D28B78B5500CB48FC /* UIInputView + ext.swift */ = {isa = PBXFileReference; lastKnownFileType = sourcecode.swift; path = "UIInputView + ext.swift"; sourceTree = "<group>"; };
		34E2E26F28B78B6B00CB48FC /* LayoutConstants.swift */ = {isa = PBXFileReference; lastKnownFileType = sourcecode.swift; path = LayoutConstants.swift; sourceTree = "<group>"; };
		34E2E27128B78BA600CB48FC /* UIButton + ext.swift */ = {isa = PBXFileReference; lastKnownFileType = sourcecode.swift; path = "UIButton + ext.swift"; sourceTree = "<group>"; };
		34E2E27328B78BC900CB48FC /* UITraitCollection + ext.swift */ = {isa = PBXFileReference; lastKnownFileType = sourcecode.swift; path = "UITraitCollection + ext.swift"; sourceTree = "<group>"; };
		34E2E27928B7E3E900CB48FC /* Localization.swift */ = {isa = PBXFileReference; lastKnownFileType = sourcecode.swift; path = Localization.swift; sourceTree = "<group>"; };
		34E2E27B28B7E40600CB48FC /* ContentViewModel.swift */ = {isa = PBXFileReference; lastKnownFileType = sourcecode.swift; path = ContentViewModel.swift; sourceTree = "<group>"; };
		34E2E27D28B7E41900CB48FC /* SyllabicCharactersView.swift */ = {isa = PBXFileReference; lastKnownFileType = sourcecode.swift; path = SyllabicCharactersView.swift; sourceTree = "<group>"; };
		34E2E2AF28B9EC4300CB48FC /* TappedKeyView.swift */ = {isa = PBXFileReference; lastKnownFileType = sourcecode.swift; path = TappedKeyView.swift; sourceTree = "<group>"; };
		34E2E2F828BB102E00CB48FC /* Ilisarniq-Demi.ttf */ = {isa = PBXFileReference; lastKnownFileType = file; path = "Ilisarniq-Demi.ttf"; sourceTree = "<group>"; };
		34E2E2FB28BB131300CB48FC /* Info.plist */ = {isa = PBXFileReference; lastKnownFileType = text.plist; path = Info.plist; sourceTree = "<group>"; };
		34E2E2FE28BB53D900CB48FC /* UILabel + ext.swift */ = {isa = PBXFileReference; lastKnownFileType = sourcecode.swift; path = "UILabel + ext.swift"; sourceTree = "<group>"; };
/* End PBXFileReference section */

/* Begin PBXFrameworksBuildPhase section */
		34258C0828AF81F800C1E131 /* Frameworks */ = {
			isa = PBXFrameworksBuildPhase;
			buildActionMask = 2147483647;
			files = (
			);
			runOnlyForDeploymentPostprocessing = 0;
		};
		34258C1D28AF828800C1E131 /* Frameworks */ = {
			isa = PBXFrameworksBuildPhase;
			buildActionMask = 2147483647;
			files = (
			);
			runOnlyForDeploymentPostprocessing = 0;
		};
/* End PBXFrameworksBuildPhase section */

/* Begin PBXGroup section */
		34258C0228AF81F800C1E131 = {
			isa = PBXGroup;
			children = (
				34258C0D28AF81F800C1E131 /* SyllabicKeyboard */,
				34258C2128AF828800C1E131 /* Inuit */,
				34258C0C28AF81F800C1E131 /* Products */,
			);
			sourceTree = "<group>";
		};
		34258C0C28AF81F800C1E131 /* Products */ = {
			isa = PBXGroup;
			children = (
				34258C0B28AF81F800C1E131 /* SyllabicKeyboard.app */,
				34258C2028AF828800C1E131 /* Inuit.appex */,
			);
			name = Products;
			sourceTree = "<group>";
		};
		34258C0D28AF81F800C1E131 /* SyllabicKeyboard */ = {
			isa = PBXGroup;
			children = (
				34E2E2FB28BB131300CB48FC /* Info.plist */,
				34258C0E28AF81F800C1E131 /* SyllabicKeyboardApp.swift */,
				34258C1028AF81F800C1E131 /* ContentView.swift */,
				34E2E27D28B7E41900CB48FC /* SyllabicCharactersView.swift */,
				34E2E27B28B7E40600CB48FC /* ContentViewModel.swift */,
				34258C1228AF81F800C1E131 /* Assets.xcassets */,
				34258C1428AF81F800C1E131 /* Preview Content */,
				34E2E27928B7E3E900CB48FC /* Localization.swift */,
			);
			path = SyllabicKeyboard;
			sourceTree = "<group>";
		};
		34258C1428AF81F800C1E131 /* Preview Content */ = {
			isa = PBXGroup;
			children = (
				34258C1528AF81F800C1E131 /* Preview Assets.xcassets */,
			);
			path = "Preview Content";
			sourceTree = "<group>";
		};
		34258C2128AF828800C1E131 /* Inuit */ = {
			isa = PBXGroup;
			children = (
				34E2E2F728BB0FCC00CB48FC /* Fonts */,
				34E2E27628B7937100CB48FC /* Views */,
				34E2E27528B7933900CB48FC /* Extensions */,
				34258C2228AF828800C1E131 /* KeyboardViewController.swift */,
				34258C2F28AF957F00C1E131 /* KeyboardType.swift */,
				34E2E26128B4B41900CB48FC /* SpecialButtonType.swift */,
				34E2E26328B4B56700CB48FC /* Constants.swift */,
				34E2E26728B524B200CB48FC /* Helpers.swift */,
				34E2E2AF28B9EC4300CB48FC /* TappedKeyView.swift */,
				34258C2428AF828800C1E131 /* Info.plist */,
			);
			path = Inuit;
			sourceTree = "<group>";
		};
		34E2E27528B7933900CB48FC /* Extensions */ = {
			isa = PBXGroup;
			children = (
				34E2E26928B67EB200CB48FC /* UIColor + ext.swift */,
				34E2E26B28B78B4000CB48FC /* UIScreen + ext.swift */,
				34E2E26D28B78B5500CB48FC /* UIInputView + ext.swift */,
				34E2E26F28B78B6B00CB48FC /* LayoutConstants.swift */,
				34E2E27128B78BA600CB48FC /* UIButton + ext.swift */,
				34E2E27328B78BC900CB48FC /* UITraitCollection + ext.swift */,
				34E2E2FE28BB53D900CB48FC /* UILabel + ext.swift */,
			);
			path = Extensions;
			sourceTree = "<group>";
		};
		34E2E27628B7937100CB48FC /* Views */ = {
			isa = PBXGroup;
			children = (
				34258C2C28AF839900C1E131 /* KeyboardButton.swift */,
			);
			path = Views;
			sourceTree = "<group>";
		};
		34E2E2F728BB0FCC00CB48FC /* Fonts */ = {
			isa = PBXGroup;
			children = (
				34E2E2F828BB102E00CB48FC /* Ilisarniq-Demi.ttf */,
			);
			path = Fonts;
			sourceTree = "<group>";
		};
/* End PBXGroup section */

/* Begin PBXNativeTarget section */
		34258C0A28AF81F800C1E131 /* SyllabicKeyboard */ = {
			isa = PBXNativeTarget;
			buildConfigurationList = 34258C1928AF81F800C1E131 /* Build configuration list for PBXNativeTarget "SyllabicKeyboard" */;
			buildPhases = (
				34258C0728AF81F800C1E131 /* Sources */,
				34258C0828AF81F800C1E131 /* Frameworks */,
				34258C0928AF81F800C1E131 /* Resources */,
				34258C2B28AF828800C1E131 /* Embed App Extensions */,
			);
			buildRules = (
			);
			dependencies = (
				34258C2628AF828800C1E131 /* PBXTargetDependency */,
			);
			name = SyllabicKeyboard;
			productName = SyllabicKeyboard;
			productReference = 34258C0B28AF81F800C1E131 /* SyllabicKeyboard.app */;
			productType = "com.apple.product-type.application";
		};
		34258C1F28AF828800C1E131 /* Inuit */ = {
			isa = PBXNativeTarget;
			buildConfigurationList = 34258C2828AF828800C1E131 /* Build configuration list for PBXNativeTarget "Inuit" */;
			buildPhases = (
				34258C1C28AF828800C1E131 /* Sources */,
				34258C1D28AF828800C1E131 /* Frameworks */,
				34258C1E28AF828800C1E131 /* Resources */,
			);
			buildRules = (
			);
			dependencies = (
			);
			name = Inuit;
			productName = Inuit;
			productReference = 34258C2028AF828800C1E131 /* Inuit.appex */;
			productType = "com.apple.product-type.app-extension";
		};
/* End PBXNativeTarget section */

/* Begin PBXProject section */
		34258C0328AF81F800C1E131 /* Project object */ = {
			isa = PBXProject;
			attributes = {
				BuildIndependentTargetsInParallel = 1;
				LastSwiftUpdateCheck = 1340;
				LastUpgradeCheck = 1340;
				TargetAttributes = {
					34258C0A28AF81F800C1E131 = {
						CreatedOnToolsVersion = 13.4.1;
					};
					34258C1F28AF828800C1E131 = {
						CreatedOnToolsVersion = 13.4.1;
					};
				};
			};
			buildConfigurationList = 34258C0628AF81F800C1E131 /* Build configuration list for PBXProject "SyllabicKeyboard" */;
			compatibilityVersion = "Xcode 13.0";
			developmentRegion = en;
			hasScannedForEncodings = 0;
			knownRegions = (
				en,
				Base,
			);
			mainGroup = 34258C0228AF81F800C1E131;
			productRefGroup = 34258C0C28AF81F800C1E131 /* Products */;
			projectDirPath = "";
			projectRoot = "";
			targets = (
				34258C0A28AF81F800C1E131 /* SyllabicKeyboard */,
				34258C1F28AF828800C1E131 /* Inuit */,
			);
		};
/* End PBXProject section */

/* Begin PBXResourcesBuildPhase section */
		34258C0928AF81F800C1E131 /* Resources */ = {
			isa = PBXResourcesBuildPhase;
			buildActionMask = 2147483647;
			files = (
				34E2E2F928BB102E00CB48FC /* Ilisarniq-Demi.ttf in Resources */,
				34258C1628AF81F800C1E131 /* Preview Assets.xcassets in Resources */,
				34258C1328AF81F800C1E131 /* Assets.xcassets in Resources */,
			);
			runOnlyForDeploymentPostprocessing = 0;
		};
		34258C1E28AF828800C1E131 /* Resources */ = {
			isa = PBXResourcesBuildPhase;
			buildActionMask = 2147483647;
			files = (
				34E2E2FA28BB102E00CB48FC /* Ilisarniq-Demi.ttf in Resources */,
				34258C3128AFAD5A00C1E131 /* Assets.xcassets in Resources */,
			);
			runOnlyForDeploymentPostprocessing = 0;
		};
/* End PBXResourcesBuildPhase section */

/* Begin PBXSourcesBuildPhase section */
		34258C0728AF81F800C1E131 /* Sources */ = {
			isa = PBXSourcesBuildPhase;
			buildActionMask = 2147483647;
			files = (
				34258C1128AF81F800C1E131 /* ContentView.swift in Sources */,
				34E2E27A28B7E3E900CB48FC /* Localization.swift in Sources */,
				34E2E2FF28BB53D900CB48FC /* UILabel + ext.swift in Sources */,
				34E2E27C28B7E40600CB48FC /* ContentViewModel.swift in Sources */,
				34E2E27728B7CC5700CB48FC /* Helpers.swift in Sources */,
				34258C0F28AF81F800C1E131 /* SyllabicKeyboardApp.swift in Sources */,
				34E2E27E28B7E41900CB48FC /* SyllabicCharactersView.swift in Sources */,
				34E2E27828B7CE5700CB48FC /* UIColor + ext.swift in Sources */,
			);
			runOnlyForDeploymentPostprocessing = 0;
		};
		34258C1C28AF828800C1E131 /* Sources */ = {
			isa = PBXSourcesBuildPhase;
			buildActionMask = 2147483647;
			files = (
				34E2E26428B4B56700CB48FC /* Constants.swift in Sources */,
				34E2E26C28B78B4000CB48FC /* UIScreen + ext.swift in Sources */,
				34E2E2B028B9EC4300CB48FC /* TappedKeyView.swift in Sources */,
				34E2E26E28B78B5500CB48FC /* UIInputView + ext.swift in Sources */,
				34E2E26828B524B200CB48FC /* Helpers.swift in Sources */,
				34258C2E28AF851C00C1E131 /* KeyboardButton.swift in Sources */,
				34E2E26228B4B41900CB48FC /* SpecialButtonType.swift in Sources */,
				34E2E27428B78BC900CB48FC /* UITraitCollection + ext.swift in Sources */,
				34258C2328AF828800C1E131 /* KeyboardViewController.swift in Sources */,
				34E2E27228B78BA600CB48FC /* UIButton + ext.swift in Sources */,
				34258C3028AF957F00C1E131 /* KeyboardType.swift in Sources */,
				34E2E26A28B67EB300CB48FC /* UIColor + ext.swift in Sources */,
				34E2E27028B78B6B00CB48FC /* LayoutConstants.swift in Sources */,
				34E2E30028BB53D900CB48FC /* UILabel + ext.swift in Sources */,
			);
			runOnlyForDeploymentPostprocessing = 0;
		};
/* End PBXSourcesBuildPhase section */

/* Begin PBXTargetDependency section */
		34258C2628AF828800C1E131 /* PBXTargetDependency */ = {
			isa = PBXTargetDependency;
			target = 34258C1F28AF828800C1E131 /* Inuit */;
			targetProxy = 34258C2528AF828800C1E131 /* PBXContainerItemProxy */;
		};
/* End PBXTargetDependency section */

/* Begin XCBuildConfiguration section */
		34258C1728AF81F800C1E131 /* Debug */ = {
			isa = XCBuildConfiguration;
			buildSettings = {
				ALWAYS_SEARCH_USER_PATHS = NO;
				CLANG_ANALYZER_NONNULL = YES;
				CLANG_ANALYZER_NUMBER_OBJECT_CONVERSION = YES_AGGRESSIVE;
				CLANG_CXX_LANGUAGE_STANDARD = "gnu++17";
				CLANG_ENABLE_MODULES = YES;
				CLANG_ENABLE_OBJC_ARC = YES;
				CLANG_ENABLE_OBJC_WEAK = YES;
				CLANG_WARN_BLOCK_CAPTURE_AUTORELEASING = YES;
				CLANG_WARN_BOOL_CONVERSION = YES;
				CLANG_WARN_COMMA = YES;
				CLANG_WARN_CONSTANT_CONVERSION = YES;
				CLANG_WARN_DEPRECATED_OBJC_IMPLEMENTATIONS = YES;
				CLANG_WARN_DIRECT_OBJC_ISA_USAGE = YES_ERROR;
				CLANG_WARN_DOCUMENTATION_COMMENTS = YES;
				CLANG_WARN_EMPTY_BODY = YES;
				CLANG_WARN_ENUM_CONVERSION = YES;
				CLANG_WARN_INFINITE_RECURSION = YES;
				CLANG_WARN_INT_CONVERSION = YES;
				CLANG_WARN_NON_LITERAL_NULL_CONVERSION = YES;
				CLANG_WARN_OBJC_IMPLICIT_RETAIN_SELF = YES;
				CLANG_WARN_OBJC_LITERAL_CONVERSION = YES;
				CLANG_WARN_OBJC_ROOT_CLASS = YES_ERROR;
				CLANG_WARN_QUOTED_INCLUDE_IN_FRAMEWORK_HEADER = YES;
				CLANG_WARN_RANGE_LOOP_ANALYSIS = YES;
				CLANG_WARN_STRICT_PROTOTYPES = YES;
				CLANG_WARN_SUSPICIOUS_MOVE = YES;
				CLANG_WARN_UNGUARDED_AVAILABILITY = YES_AGGRESSIVE;
				CLANG_WARN_UNREACHABLE_CODE = YES;
				CLANG_WARN__DUPLICATE_METHOD_MATCH = YES;
				COPY_PHASE_STRIP = NO;
				DEBUG_INFORMATION_FORMAT = dwarf;
				ENABLE_STRICT_OBJC_MSGSEND = YES;
				ENABLE_TESTABILITY = YES;
				GCC_C_LANGUAGE_STANDARD = gnu11;
				GCC_DYNAMIC_NO_PIC = NO;
				GCC_NO_COMMON_BLOCKS = YES;
				GCC_OPTIMIZATION_LEVEL = 0;
				GCC_PREPROCESSOR_DEFINITIONS = (
					"DEBUG=1",
					"$(inherited)",
				);
				GCC_WARN_64_TO_32_BIT_CONVERSION = YES;
				GCC_WARN_ABOUT_RETURN_TYPE = YES_ERROR;
				GCC_WARN_UNDECLARED_SELECTOR = YES;
				GCC_WARN_UNINITIALIZED_AUTOS = YES_AGGRESSIVE;
				GCC_WARN_UNUSED_FUNCTION = YES;
				GCC_WARN_UNUSED_VARIABLE = YES;
				IPHONEOS_DEPLOYMENT_TARGET = 15.5;
				MTL_ENABLE_DEBUG_INFO = INCLUDE_SOURCE;
				MTL_FAST_MATH = YES;
				ONLY_ACTIVE_ARCH = YES;
				SDKROOT = iphoneos;
				SWIFT_ACTIVE_COMPILATION_CONDITIONS = DEBUG;
				SWIFT_OPTIMIZATION_LEVEL = "-Onone";
			};
			name = Debug;
		};
		34258C1828AF81F800C1E131 /* Release */ = {
			isa = XCBuildConfiguration;
			buildSettings = {
				ALWAYS_SEARCH_USER_PATHS = NO;
				CLANG_ANALYZER_NONNULL = YES;
				CLANG_ANALYZER_NUMBER_OBJECT_CONVERSION = YES_AGGRESSIVE;
				CLANG_CXX_LANGUAGE_STANDARD = "gnu++17";
				CLANG_ENABLE_MODULES = YES;
				CLANG_ENABLE_OBJC_ARC = YES;
				CLANG_ENABLE_OBJC_WEAK = YES;
				CLANG_WARN_BLOCK_CAPTURE_AUTORELEASING = YES;
				CLANG_WARN_BOOL_CONVERSION = YES;
				CLANG_WARN_COMMA = YES;
				CLANG_WARN_CONSTANT_CONVERSION = YES;
				CLANG_WARN_DEPRECATED_OBJC_IMPLEMENTATIONS = YES;
				CLANG_WARN_DIRECT_OBJC_ISA_USAGE = YES_ERROR;
				CLANG_WARN_DOCUMENTATION_COMMENTS = YES;
				CLANG_WARN_EMPTY_BODY = YES;
				CLANG_WARN_ENUM_CONVERSION = YES;
				CLANG_WARN_INFINITE_RECURSION = YES;
				CLANG_WARN_INT_CONVERSION = YES;
				CLANG_WARN_NON_LITERAL_NULL_CONVERSION = YES;
				CLANG_WARN_OBJC_IMPLICIT_RETAIN_SELF = YES;
				CLANG_WARN_OBJC_LITERAL_CONVERSION = YES;
				CLANG_WARN_OBJC_ROOT_CLASS = YES_ERROR;
				CLANG_WARN_QUOTED_INCLUDE_IN_FRAMEWORK_HEADER = YES;
				CLANG_WARN_RANGE_LOOP_ANALYSIS = YES;
				CLANG_WARN_STRICT_PROTOTYPES = YES;
				CLANG_WARN_SUSPICIOUS_MOVE = YES;
				CLANG_WARN_UNGUARDED_AVAILABILITY = YES_AGGRESSIVE;
				CLANG_WARN_UNREACHABLE_CODE = YES;
				CLANG_WARN__DUPLICATE_METHOD_MATCH = YES;
				COPY_PHASE_STRIP = NO;
				DEBUG_INFORMATION_FORMAT = "dwarf-with-dsym";
				ENABLE_NS_ASSERTIONS = NO;
				ENABLE_STRICT_OBJC_MSGSEND = YES;
				GCC_C_LANGUAGE_STANDARD = gnu11;
				GCC_NO_COMMON_BLOCKS = YES;
				GCC_WARN_64_TO_32_BIT_CONVERSION = YES;
				GCC_WARN_ABOUT_RETURN_TYPE = YES_ERROR;
				GCC_WARN_UNDECLARED_SELECTOR = YES;
				GCC_WARN_UNINITIALIZED_AUTOS = YES_AGGRESSIVE;
				GCC_WARN_UNUSED_FUNCTION = YES;
				GCC_WARN_UNUSED_VARIABLE = YES;
				IPHONEOS_DEPLOYMENT_TARGET = 15.5;
				MTL_ENABLE_DEBUG_INFO = NO;
				MTL_FAST_MATH = YES;
				SDKROOT = iphoneos;
				SWIFT_COMPILATION_MODE = wholemodule;
				SWIFT_OPTIMIZATION_LEVEL = "-O";
				VALIDATE_PRODUCT = YES;
			};
			name = Release;
		};
		34258C1A28AF81F800C1E131 /* Debug */ = {
			isa = XCBuildConfiguration;
			buildSettings = {
				ALWAYS_EMBED_SWIFT_STANDARD_LIBRARIES = YES;
				ASSETCATALOG_COMPILER_APPICON_NAME = AppIcon;
				ASSETCATALOG_COMPILER_GLOBAL_ACCENT_COLOR_NAME = AccentColor;
				CODE_SIGN_STYLE = Automatic;
				CURRENT_PROJECT_VERSION = 1;
				DEVELOPMENT_ASSET_PATHS = "\"SyllabicKeyboard/Preview Content\"";
				DEVELOPMENT_TEAM = 34W5S52327;
				ENABLE_PREVIEWS = YES;
				GENERATE_INFOPLIST_FILE = YES;
				INFOPLIST_FILE = SyllabicKeyboard/Info.plist;
				INFOPLIST_KEY_CFBundleDisplayName = Inuktitut;
				INFOPLIST_KEY_UIApplicationSceneManifest_Generation = YES;
				INFOPLIST_KEY_UIApplicationSupportsIndirectInputEvents = YES;
				INFOPLIST_KEY_UILaunchScreen_Generation = YES;
				INFOPLIST_KEY_UISupportedInterfaceOrientations = UIInterfaceOrientationPortrait;
				INFOPLIST_KEY_UISupportedInterfaceOrientations_iPad = "UIInterfaceOrientationPortrait UIInterfaceOrientationPortraitUpsideDown UIInterfaceOrientationLandscapeLeft UIInterfaceOrientationLandscapeRight";
				INFOPLIST_KEY_UISupportedInterfaceOrientations_iPhone = "UIInterfaceOrientationPortrait UIInterfaceOrientationLandscapeLeft UIInterfaceOrientationLandscapeRight";
				LD_RUNPATH_SEARCH_PATHS = (
					"$(inherited)",
					"@executable_path/Frameworks",
				);
				MARKETING_VERSION = 1.0;
				PRODUCT_BUNDLE_IDENTIFIER = com.kavinskyi.SyllabicKeyboard;
				PRODUCT_NAME = "$(TARGET_NAME)";
				SWIFT_EMIT_LOC_STRINGS = YES;
				SWIFT_VERSION = 5.0;
				TARGETED_DEVICE_FAMILY = "1,2";
			};
			name = Debug;
		};
		34258C1B28AF81F800C1E131 /* Release */ = {
			isa = XCBuildConfiguration;
			buildSettings = {
				ALWAYS_EMBED_SWIFT_STANDARD_LIBRARIES = YES;
				ASSETCATALOG_COMPILER_APPICON_NAME = AppIcon;
				ASSETCATALOG_COMPILER_GLOBAL_ACCENT_COLOR_NAME = AccentColor;
				CODE_SIGN_STYLE = Automatic;
				CURRENT_PROJECT_VERSION = 1;
				DEVELOPMENT_ASSET_PATHS = "\"SyllabicKeyboard/Preview Content\"";
				DEVELOPMENT_TEAM = 34W5S52327;
				ENABLE_PREVIEWS = YES;
				GENERATE_INFOPLIST_FILE = YES;
				INFOPLIST_FILE = SyllabicKeyboard/Info.plist;
				INFOPLIST_KEY_CFBundleDisplayName = Inuktitut;
				INFOPLIST_KEY_UIApplicationSceneManifest_Generation = YES;
				INFOPLIST_KEY_UIApplicationSupportsIndirectInputEvents = YES;
				INFOPLIST_KEY_UILaunchScreen_Generation = YES;
				INFOPLIST_KEY_UISupportedInterfaceOrientations = UIInterfaceOrientationPortrait;
				INFOPLIST_KEY_UISupportedInterfaceOrientations_iPad = "UIInterfaceOrientationPortrait UIInterfaceOrientationPortraitUpsideDown UIInterfaceOrientationLandscapeLeft UIInterfaceOrientationLandscapeRight";
				INFOPLIST_KEY_UISupportedInterfaceOrientations_iPhone = "UIInterfaceOrientationPortrait UIInterfaceOrientationLandscapeLeft UIInterfaceOrientationLandscapeRight";
				LD_RUNPATH_SEARCH_PATHS = (
					"$(inherited)",
					"@executable_path/Frameworks",
				);
				MARKETING_VERSION = 1.0;
				PRODUCT_BUNDLE_IDENTIFIER = com.kavinskyi.SyllabicKeyboard;
				PRODUCT_NAME = "$(TARGET_NAME)";
				SWIFT_EMIT_LOC_STRINGS = YES;
				SWIFT_VERSION = 5.0;
				TARGETED_DEVICE_FAMILY = "1,2";
			};
			name = Release;
		};
		34258C2928AF828800C1E131 /* Debug */ = {
			isa = XCBuildConfiguration;
			buildSettings = {
				ALWAYS_EMBED_SWIFT_STANDARD_LIBRARIES = YES;
				CODE_SIGN_STYLE = Automatic;
				CURRENT_PROJECT_VERSION = 1;
				DEVELOPMENT_TEAM = 34W5S52327;
				GENERATE_INFOPLIST_FILE = YES;
				INFOPLIST_FILE = Inuit/Info.plist;
				INFOPLIST_KEY_CFBundleDisplayName = Inuktitut;
				INFOPLIST_KEY_NSHumanReadableCopyright = "";
				LD_RUNPATH_SEARCH_PATHS = (
					"$(inherited)",
					"@executable_path/Frameworks",
					"@executable_path/../../Frameworks",
				);
				MARKETING_VERSION = 1.0;
				PRODUCT_BUNDLE_IDENTIFIER = com.kavinskyi.SyllabicKeyboard.Inuit;
				PRODUCT_NAME = "$(TARGET_NAME)";
				SKIP_INSTALL = YES;
				SWIFT_EMIT_LOC_STRINGS = YES;
				SWIFT_VERSION = 5.0;
				TARGETED_DEVICE_FAMILY = "1,2";
			};
			name = Debug;
		};
		34258C2A28AF828800C1E131 /* Release */ = {
			isa = XCBuildConfiguration;
			buildSettings = {
				ALWAYS_EMBED_SWIFT_STANDARD_LIBRARIES = YES;
				CODE_SIGN_STYLE = Automatic;
				CURRENT_PROJECT_VERSION = 1;
				DEVELOPMENT_TEAM = 34W5S52327;
				GENERATE_INFOPLIST_FILE = YES;
				INFOPLIST_FILE = Inuit/Info.plist;
				INFOPLIST_KEY_CFBundleDisplayName = Inuktitut;
				INFOPLIST_KEY_NSHumanReadableCopyright = "";
				LD_RUNPATH_SEARCH_PATHS = (
					"$(inherited)",
					"@executable_path/Frameworks",
					"@executable_path/../../Frameworks",
				);
				MARKETING_VERSION = 1.0;
				PRODUCT_BUNDLE_IDENTIFIER = com.kavinskyi.SyllabicKeyboard.Inuit;
				PRODUCT_NAME = "$(TARGET_NAME)";
				SKIP_INSTALL = YES;
				SWIFT_EMIT_LOC_STRINGS = YES;
				SWIFT_VERSION = 5.0;
				TARGETED_DEVICE_FAMILY = "1,2";
			};
			name = Release;
		};
/* End XCBuildConfiguration section */

/* Begin XCConfigurationList section */
		34258C0628AF81F800C1E131 /* Build configuration list for PBXProject "SyllabicKeyboard" */ = {
			isa = XCConfigurationList;
			buildConfigurations = (
				34258C1728AF81F800C1E131 /* Debug */,
				34258C1828AF81F800C1E131 /* Release */,
			);
			defaultConfigurationIsVisible = 0;
			defaultConfigurationName = Release;
		};
		34258C1928AF81F800C1E131 /* Build configuration list for PBXNativeTarget "SyllabicKeyboard" */ = {
			isa = XCConfigurationList;
			buildConfigurations = (
				34258C1A28AF81F800C1E131 /* Debug */,
				34258C1B28AF81F800C1E131 /* Release */,
			);
			defaultConfigurationIsVisible = 0;
			defaultConfigurationName = Release;
		};
		34258C2828AF828800C1E131 /* Build configuration list for PBXNativeTarget "Inuit" */ = {
			isa = XCConfigurationList;
			buildConfigurations = (
				34258C2928AF828800C1E131 /* Debug */,
				34258C2A28AF828800C1E131 /* Release */,
			);
			defaultConfigurationIsVisible = 0;
			defaultConfigurationName = Release;
		};
/* End XCConfigurationList section */
	};
	rootObject = 34258C0328AF81F800C1E131 /* Project object */;
}
